
Microsoft Visual Studio Solution File, Format Version 12.00
# Visual Studio 15
VisualStudioVersion = 15.0.26430.14
MinimumVisualStudioVersion = 10.0.40219.1
Project("{FAE04EC0-301F-11D3-BF4B-00C04F79EFBC}") = "RoutingTableManager", "RoutingTableManager\RoutingTableManager.csproj", "{A6436D0A-491C-4D6F-82FA-8222CE3CD93B}"
EndProject
Project("{FAE04EC0-301F-11D3-BF4B-00C04F79EFBC}") = "Desktop", "Desktop\Desktop.csproj", "{15569582-A792-40B2-84EE-44184B93EAF2}"
EndProject
Global
	GlobalSection(SolutionConfigurationPlatforms) = preSolution
		Debug|Any CPU = Debug|Any CPU
		Release|Any CPU = Release|Any CPU
	EndGlobalSection
	GlobalSection(ProjectConfigurationPlatforms) = postSolution
		{A6436D0A-491C-4D6F-82FA-8222CE3CD93B}.Debug|Any CPU.ActiveCfg = Debug|Any CPU
		{A6436D0A-491C-4D6F-82FA-8222CE3CD93B}.Debug|Any CPU.Build.0 = Debug|Any CPU
		{A6436D0A-491C-4D6F-82FA-8222CE3CD93B}.Release|Any CPU.ActiveCfg = Release|Any CPU
		{A6436D0A-491C-4D6F-82FA-8222CE3CD93B}.Release|Any CPU.Build.0 = Release|Any CPU
		{15569582-A792-40B2-84EE-44184B93EAF2}.Debug|Any CPU.ActiveCfg = Debug|Any CPU
		{15569582-A792-40B2-84EE-44184B93EAF2}.Debug|Any CPU.Build.0 = Debug|Any CPU
		{15569582-A792-40B2-84EE-44184B93EAF2}.Release|Any CPU.ActiveCfg = Release|Any CPU
		{15569582-A792-40B2-84EE-44184B93EAF2}.Release|Any CPU.Build.0 = Release|Any CPU
	EndGlobalSection
	GlobalSection(SolutionProperties) = preSolution
		HideSolutionNode = FALSE
	EndGlobalSection
EndGlobal
